
Microsoft Visual Studio Solution File, Format Version 10.00
# Visual Studio 2008
Project("{FAE04EC0-301F-11D3-BF4B-00C04F79EFBC}") = "PerfectTrade", "PerfectTrade\PerfectTrade.csproj", "{D300D50B-FE4E-4972-82D5-8387FDBF24CF}"
EndProject
Project("{FAE04EC0-301F-11D3-BF4B-00C04F79EFBC}") = "FinancialObjects", "FinancialObjects\FinancialObjects.csproj", "{2A6EA628-4F82-47AA-AB17-CBCC31C88A58}"
EndProject
Project("{FAE04EC0-301F-11D3-BF4B-00C04F79EFBC}") = "Indicators", "Indicators\Indicators.csproj", "{13AF4002-AC3A-488F-9E9F-C8161402D4BB}"
EndProject
Project("{FAE04EC0-301F-11D3-BF4B-00C04F79EFBC}") = "Analyzer", "Analyzer\Analyzer.csproj", "{B14C0005-FE58-40EA-A820-4FC49CCFDB13}"
EndProject
Project("{FAE04EC0-301F-11D3-BF4B-00C04F79EFBC}") = "QuoteLoader", "QuoteLoader\QuoteLoader.csproj", "{3BFD0C7E-FDAA-4ECA-9054-74D6371EB91A}"
EndProject
Global
	GlobalSection(SolutionConfigurationPlatforms) = preSolution
		Debug|x86 = Debug|x86
		Release|x86 = Release|x86
	EndGlobalSection
	GlobalSection(ProjectConfigurationPlatforms) = postSolution
		{13AF4002-AC3A-488F-9E9F-C8161402D4BB}.Debug|x86.ActiveCfg = Debug|Any CPU
		{13AF4002-AC3A-488F-9E9F-C8161402D4BB}.Debug|x86.Build.0 = Debug|Any CPU
		{13AF4002-AC3A-488F-9E9F-C8161402D4BB}.Release|x86.ActiveCfg = Release|Any CPU
		{13AF4002-AC3A-488F-9E9F-C8161402D4BB}.Release|x86.Build.0 = Release|Any CPU
		{2A6EA628-4F82-47AA-AB17-CBCC31C88A58}.Debug|x86.ActiveCfg = Debug|Any CPU
		{2A6EA628-4F82-47AA-AB17-CBCC31C88A58}.Debug|x86.Build.0 = Debug|Any CPU
		{2A6EA628-4F82-47AA-AB17-CBCC31C88A58}.Release|x86.ActiveCfg = Release|Any CPU
		{2A6EA628-4F82-47AA-AB17-CBCC31C88A58}.Release|x86.Build.0 = Release|Any CPU
		{3BFD0C7E-FDAA-4ECA-9054-74D6371EB91A}.Debug|x86.ActiveCfg = Debug|x86
		{3BFD0C7E-FDAA-4ECA-9054-74D6371EB91A}.Debug|x86.Build.0 = Debug|x86
		{3BFD0C7E-FDAA-4ECA-9054-74D6371EB91A}.Release|x86.ActiveCfg = Release|x86
		{3BFD0C7E-FDAA-4ECA-9054-74D6371EB91A}.Release|x86.Build.0 = Release|x86
		{B14C0005-FE58-40EA-A820-4FC49CCFDB13}.Debug|x86.ActiveCfg = Debug|x86
		{B14C0005-FE58-40EA-A820-4FC49CCFDB13}.Debug|x86.Build.0 = Debug|x86
		{B14C0005-FE58-40EA-A820-4FC49CCFDB13}.Release|x86.ActiveCfg = Release|x86
		{B14C0005-FE58-40EA-A820-4FC49CCFDB13}.Release|x86.Build.0 = Release|x86
		{D300D50B-FE4E-4972-82D5-8387FDBF24CF}.Debug|x86.ActiveCfg = Debug|x86
		{D300D50B-FE4E-4972-82D5-8387FDBF24CF}.Debug|x86.Build.0 = Debug|x86
		{D300D50B-FE4E-4972-82D5-8387FDBF24CF}.Release|x86.ActiveCfg = Release|x86
		{D300D50B-FE4E-4972-82D5-8387FDBF24CF}.Release|x86.Build.0 = Release|x86
	EndGlobalSection
	GlobalSection(MonoDevelopProperties) = preSolution
		StartupItem = QuoteLoader\QuoteLoader.csproj
		Policies = $0
		$0.StandardHeader = $1
		$1.Text = @\n<filename>.cs\n\nCOPYRIGHT (C) 2010 AND ALL RIGHTS RESERVED BY\nMARC WEIDLER, ULRICHSTR. 12/1, 71672 MARBACH, GERMANY (MARC.WEIDLER@WEB.DE).\n\nALL RIGHTS RESERVED. THIS SOFTWARE AND RELATED DOCUMENTATION ARE PROTECTED BY\nCOPYRIGHT RESTRICTING ITS USE, COPYING, DISTRIBUTION, AND DECOMPILATION. NO PART\nOF THIS PRODUCT OR RELATED DOCUMENTATION MAY BE REPRODUCED IN ANY FORM BY ANY\nMEANS WITHOUT PRIOR WRITTEN AUTHORIZATION OF MARC WEIDLER OR HIS PARTNERS, IF ANY.\nUNLESS OTHERWISE ARRANGED, THIRD PARTIES MAY NOT HAVE ACCESS TO THIS PRODUCT OR\nRELATED DOCUMENTATION. SEE LICENSE FILE FOR DETAILS.\n\nTHIS SOFTWARE IS PROVIDED BY THE COPYRIGHT HOLDERS AND CONTRIBUTORS "AS IS" AND\nANY EXPRESS OR IMPLIED WARRANTIES, INCLUDING, BUT NOT LIMITED TO, THE IMPLIED\nWARRANTIES OF MERCHANTABILITY AND FITNESS FOR A PARTICULAR PURPOSE ARE DISCLAIMED.\nIN NO EVENT SHALL THE COPYRIGHT OWNER OR CONTRIBUTORS BE LIABLE FOR ANY DIRECT,\nINDIRECT, INCIDENTAL, SPECIAL, EXEMPLARY, OR CONSEQUENTIAL DAMAGES (INCLUDING,\nBUT NOT LIMITED TO, PROCUREMENT OF SUBSTITUTE GOODS OR SERVICES; LOSS OF USE,\nDATA, OR PROFITS; OR BUSINESS INTERRUPTION) HOWEVER CAUSED AND ON ANY THEORY OF\nLIABILITY, WHETHER IN CONTRACT, STRICT LIABILITY, OR TORT (INCLUDING NEGLIGENCE\nOR OTHERWISE) ARISING IN ANY WAY OUT OF THE USE OF THIS SOFTWARE, EVEN IF ADVISED\nOF THE POSSIBILITY OF SUCH DAMAGE. THE ENTIRE RISK AS TO THE QUALITY AND\nPERFORMANCE OF THE PROGRAM IS WITH YOU. SHOULD THE PROGRAM PROVE DEFECTIVE,\nYOU ASSUME THE COST OF ALL NECESSARY SERVICING, REPAIR OR CORRECTION.\n
		$1.inheritsSet = Apache2License
		$0.TextStylePolicy = $2
		$2.inheritsSet = null
		$2.scope = text/x-csharp
		$0.CSharpFormattingPolicy = $3
		$3.IndentSwitchBody = True
		$3.BeforeMethodCallParentheses = False
		$3.BeforeMethodDeclarationParentheses = False
		$3.BeforeConstructorDeclarationParentheses = False
		$3.BeforeDelegateDeclarationParentheses = False
		$3.NewParentheses = False
		$3.inheritsSet = Mono
		$3.inheritsScope = text/x-csharp
		$3.scope = text/x-csharp
		$0.TextStylePolicy = $4
		$4.FileWidth = 120
		$4.TabWidth = 3
		$4.RemoveTrailingWhitespace = True
		$4.inheritsSet = VisualStudio
		$4.inheritsScope = text/plain
		$4.scope = text/plain
		description = @PerfectTrade\nStock analysis tool
	EndGlobalSection
EndGlobal
