
Microsoft Visual Studio Solution File, Format Version 10.00
# Visual Studio 2008
Project("{FAE04EC0-301F-11D3-BF4B-00C04F79EFBC}") = "PerfectTrade", "PerfectTrade\PerfectTrade.csproj", "{D300D50B-FE4E-4972-82D5-8387FDBF24CF}"
EndProject
Project("{FAE04EC0-301F-11D3-BF4B-00C04F79EFBC}") = "FinancialObjects", "FinancialObjects\FinancialObjects.csproj", "{2A6EA628-4F82-47AA-AB17-CBCC31C88A58}"
EndProject
Project("{FAE04EC0-301F-11D3-BF4B-00C04F79EFBC}") = "Indicators", "Indicators\Indicators.csproj", "{13AF4002-AC3A-488F-9E9F-C8161402D4BB}"
EndProject
Project("{FAE04EC0-301F-11D3-BF4B-00C04F79EFBC}") = "Analyzer", "Analyzer\Analyzer.csproj", "{B14C0005-FE58-40EA-A820-4FC49CCFDB13}"
EndProject
Project("{FAE04EC0-301F-11D3-BF4B-00C04F79EFBC}") = "QuoteLoader", "QuoteLoader\QuoteLoader.csproj", "{3BFD0C7E-FDAA-4ECA-9054-74D6371EB91A}"
EndProject
Global
	GlobalSection(SolutionConfigurationPlatforms) = preSolution
		Debug|x86 = Debug|x86
		Release|x86 = Release|x86
	EndGlobalSection
	GlobalSection(ProjectConfigurationPlatforms) = postSolution
		{13AF4002-AC3A-488F-9E9F-C8161402D4BB}.Debug|x86.ActiveCfg = Debug|Any CPU
		{13AF4002-AC3A-488F-9E9F-C8161402D4BB}.Debug|x86.Build.0 = Debug|Any CPU
		{13AF4002-AC3A-488F-9E9F-C8161402D4BB}.Release|x86.ActiveCfg = Release|Any CPU
		{13AF4002-AC3A-488F-9E9F-C8161402D4BB}.Release|x86.Build.0 = Release|Any CPU
		{2A6EA628-4F82-47AA-AB17-CBCC31C88A58}.Debug|x86.ActiveCfg = Debug|Any CPU
		{2A6EA628-4F82-47AA-AB17-CBCC31C88A58}.Debug|x86.Build.0 = Debug|Any CPU
		{2A6EA628-4F82-47AA-AB17-CBCC31C88A58}.Release|x86.ActiveCfg = Release|Any CPU
		{2A6EA628-4F82-47AA-AB17-CBCC31C88A58}.Release|x86.Build.0 = Release|Any CPU
		{3BFD0C7E-FDAA-4ECA-9054-74D6371EB91A}.Debug|x86.ActiveCfg = Debug|x86
		{3BFD0C7E-FDAA-4ECA-9054-74D6371EB91A}.Debug|x86.Build.0 = Debug|x86
		{3BFD0C7E-FDAA-4ECA-9054-74D6371EB91A}.Release|x86.ActiveCfg = Release|x86
		{3BFD0C7E-FDAA-4ECA-9054-74D6371EB91A}.Release|x86.Build.0 = Release|x86
		{B14C0005-FE58-40EA-A820-4FC49CCFDB13}.Debug|x86.ActiveCfg = Debug|x86
		{B14C0005-FE58-40EA-A820-4FC49CCFDB13}.Debug|x86.Build.0 = Debug|x86
		{B14C0005-FE58-40EA-A820-4FC49CCFDB13}.Release|x86.ActiveCfg = Release|x86
		{B14C0005-FE58-40EA-A820-4FC49CCFDB13}.Release|x86.Build.0 = Release|x86
		{D300D50B-FE4E-4972-82D5-8387FDBF24CF}.Debug|x86.ActiveCfg = Debug|x86
		{D300D50B-FE4E-4972-82D5-8387FDBF24CF}.Debug|x86.Build.0 = Debug|x86
		{D300D50B-FE4E-4972-82D5-8387FDBF24CF}.Release|x86.ActiveCfg = Release|x86
		{D300D50B-FE4E-4972-82D5-8387FDBF24CF}.Release|x86.Build.0 = Release|x86
	EndGlobalSection
	GlobalSection(MonoDevelopProperties) = preSolution
		StartupItem = QuoteLoader\QuoteLoader.csproj
		Policies = $0
		$0.StandardHeader = $1
		$1.Text = @\n<filename>.cs\n\nCOPYRIGHT (C) 2010 AND ALL RIGHTS RESERVED BY\nMARC WEIDLER, ULRICHSTR. 12/1, 71672 MARBACH, GERMANY (MARC.WEIDLER@WEB.DE).\n\nALL RIGHTS RESERVED. THIS PRODUCT AND RELATED DOCUMENTATION ARE PROTECTED BY\nCOPYRIGHT RESTRICTING ITS USE, COPYING, DISTRIBUTION, AND DECOMPILATION. NO PART\nOF THIS PRODUCT OR RELATED DOCUMENTATION MAY BE REPRODUCED IN ANY FORM BY ANY\nMEANS WITHOUT PRIOR WRITTEN AUTHORIZATION OF MARC WEIDLER OR HIS PARTNERS, IF ANY.\nUNLESS OTHERWISE ARRANGED, THIRD PARTIES MAY NOT HAVE ACCESS TO THIS PRODUCT OR\nRELATED DOCUMENTATION.\n\nTHERE IS NO WARRANTY FOR THE PROGRAM, TO THE EXTENT PERMITTED BY APPLICABLE LAW.\nTHE COPYRIGHT HOLDERS AND/OR OTHER PARTIES PROVIDE THE PROGRAM "AS IS" WITHOUT\nWARRANTY OF ANY KIND, EITHER EXPRESSED OR IMPLIED, INCLUDING, BUT NOT LIMITED TO,\nTHE IMPLIED WARRANTIES OF MERCHANTABILITY AND FITNESS FOR A PARTICULAR PURPOSE.\nTHE ENTIRE RISK AS TO THE QUALITY AND PERFORMANCE OF THE PROGRAM IS WITH YOU.\nSHOULD THE PROGRAM PROVE DEFECTIVE, YOU ASSUME THE COST OF ALL NECESSARY\nSERVICING, REPAIR OR CORRECTION.\n
		$1.inheritsSet = Apache2License
	EndGlobalSection
EndGlobal
